
Microsoft Visual Studio Solution File, Format Version 12.00
# Visual Studio Version 16
VisualStudioVersion = 16.0.30611.23
MinimumVisualStudioVersion = 10.0.40219.1
Project("{9A19103F-16F7-4668-BE54-9A1E7A4F7556}") = "WebApp", "WebApp\WebApp.csproj", "{589B8DAD-DF56-44DD-9EED-B717A72BFA1B}"
EndProject
Project("{9A19103F-16F7-4668-BE54-9A1E7A4F7556}") = "Web_API", "Web_API\Web_API.csproj", "{E8480A69-2362-43B4-BE05-50D378CDB0C4}"
EndProject
Project("{9A19103F-16F7-4668-BE54-9A1E7A4F7556}") = "Web_Data", "Web_Data\Web_Data.csproj", "{2A225324-D648-4C76-BE6D-F8C41D0A4D77}"
EndProject
Project("{9A19103F-16F7-4668-BE54-9A1E7A4F7556}") = "Web_Core", "Web_Core\Web_Core.csproj", "{B7222FBD-32DC-4F66-B972-55574B074226}"
EndProject
Project("{FAE04EC0-301F-11D3-BF4B-00C04F79EFBC}") = "NUnitTestProject", "NUnitTestProject\NUnitTestProject.csproj", "{600B420D-7ECF-4D59-BA96-1BAE242F0418}"
EndProject
Global
	GlobalSection(SolutionConfigurationPlatforms) = preSolution
		Debug|Any CPU = Debug|Any CPU
		Release|Any CPU = Release|Any CPU
	EndGlobalSection
	GlobalSection(ProjectConfigurationPlatforms) = postSolution
		{589B8DAD-DF56-44DD-9EED-B717A72BFA1B}.Debug|Any CPU.ActiveCfg = Debug|Any CPU
		{589B8DAD-DF56-44DD-9EED-B717A72BFA1B}.Debug|Any CPU.Build.0 = Debug|Any CPU
		{589B8DAD-DF56-44DD-9EED-B717A72BFA1B}.Release|Any CPU.ActiveCfg = Release|Any CPU
		{589B8DAD-DF56-44DD-9EED-B717A72BFA1B}.Release|Any CPU.Build.0 = Release|Any CPU
		{E8480A69-2362-43B4-BE05-50D378CDB0C4}.Debug|Any CPU.ActiveCfg = Debug|Any CPU
		{E8480A69-2362-43B4-BE05-50D378CDB0C4}.Debug|Any CPU.Build.0 = Debug|Any CPU
		{E8480A69-2362-43B4-BE05-50D378CDB0C4}.Release|Any CPU.ActiveCfg = Release|Any CPU
		{E8480A69-2362-43B4-BE05-50D378CDB0C4}.Release|Any CPU.Build.0 = Release|Any CPU
		{2A225324-D648-4C76-BE6D-F8C41D0A4D77}.Debug|Any CPU.ActiveCfg = Debug|Any CPU
		{2A225324-D648-4C76-BE6D-F8C41D0A4D77}.Debug|Any CPU.Build.0 = Debug|Any CPU
		{2A225324-D648-4C76-BE6D-F8C41D0A4D77}.Release|Any CPU.ActiveCfg = Release|Any CPU
		{2A225324-D648-4C76-BE6D-F8C41D0A4D77}.Release|Any CPU.Build.0 = Release|Any CPU
		{B7222FBD-32DC-4F66-B972-55574B074226}.Debug|Any CPU.ActiveCfg = Debug|Any CPU
		{B7222FBD-32DC-4F66-B972-55574B074226}.Debug|Any CPU.Build.0 = Debug|Any CPU
		{B7222FBD-32DC-4F66-B972-55574B074226}.Release|Any CPU.ActiveCfg = Release|Any CPU
		{B7222FBD-32DC-4F66-B972-55574B074226}.Release|Any CPU.Build.0 = Release|Any CPU
		{600B420D-7ECF-4D59-BA96-1BAE242F0418}.Debug|Any CPU.ActiveCfg = Debug|Any CPU
		{600B420D-7ECF-4D59-BA96-1BAE242F0418}.Debug|Any CPU.Build.0 = Debug|Any CPU
		{600B420D-7ECF-4D59-BA96-1BAE242F0418}.Release|Any CPU.ActiveCfg = Release|Any CPU
		{600B420D-7ECF-4D59-BA96-1BAE242F0418}.Release|Any CPU.Build.0 = Release|Any CPU
	EndGlobalSection
	GlobalSection(SolutionProperties) = preSolution
		HideSolutionNode = FALSE
	EndGlobalSection
	GlobalSection(ExtensibilityGlobals) = postSolution
		SolutionGuid = {04B1AE62-13A5-499F-A3F7-3EB5B5AEA2B4}
	EndGlobalSection
EndGlobal
